{
    "_meta": {
        "hash": {
            "sha256": "7808d4e38ad97ec41bd11677001f117b0f8569d5ce98eb528680a5a6b313aa08"
        },
        "pipfile-spec": 6,
        "requires": {
            "python_version": "3.8"
        },
        "sources": [
            {
                "name": "pypi",
                "url": "https://pypi.org/simple",
                "verify_ssl": true
            }
        ]
    },
    "default": {},
    "develop": {
        "loop": {
            "editable": true,
            "path": "."
        }
    }
}
